
Microsoft Visual Studio Solution File, Format Version 12.00
# Visual Studio Version 17
VisualStudioVersion = 17.7.34031.279
MinimumVisualStudioVersion = 10.0.40219.1
Project("{FAE04EC0-301F-11D3-BF4B-00C04F79EFBC}") = "输出", "Practice\输出.csproj", "{2CF2FA86-E5DE-4CF4-899E-3F139796A5E7}"
EndProject
Project("{FAE04EC0-301F-11D3-BF4B-00C04F79EFBC}") = "变量本质", "变量本质\变量本质.csproj", "{8CE35C53-7D96-489B-AF1C-ADB617F90C73}"
EndProject
Project("{FAE04EC0-301F-11D3-BF4B-00C04F79EFBC}") = "声明变量类型", "声明变量类型\声明变量类型.csproj", "{E6350744-72EB-4412-8B36-AEA2AFB471E0}"
EndProject
Project("{FAE04EC0-301F-11D3-BF4B-00C04F79EFBC}") = "变量命名规则", "变量命名规则\变量命名规则.csproj", "{24FFA5BC-7776-4DBA-B5F1-71DF6E39D9B4}"
EndProject
Project("{FAE04EC0-301F-11D3-BF4B-00C04F79EFBC}") = "常量声明", "常量声明\常量声明.csproj", "{D687C91C-7B22-4560-936D-092E5C9BF205}"
EndProject
Project("{FAE04EC0-301F-11D3-BF4B-00C04F79EFBC}") = "转义字符", "转义字符\转义字符.csproj", "{1D5587DA-11C1-49D9-82FD-141D359702FE}"
EndProject
Project("{FAE04EC0-301F-11D3-BF4B-00C04F79EFBC}") = "隐式转换", "隐式转换\隐式转换.csproj", "{7205F471-FA7A-4AA0-B7F9-0449A2A4584F}"
EndProject
Project("{FAE04EC0-301F-11D3-BF4B-00C04F79EFBC}") = "练习题", "练习题\练习题.csproj", "{3D163B7D-0B17-4EEB-971A-A354987FBF1C}"
EndProject
Project("{FAE04EC0-301F-11D3-BF4B-00C04F79EFBC}") = "显式转换", "显式转换\显式转换.csproj", "{0B798400-C528-4E57-B8F3-E5379A65F3A2}"
EndProject
Project("{FAE04EC0-301F-11D3-BF4B-00C04F79EFBC}") = "异常捕获", "异常捕获\异常捕获.csproj", "{C2D303DA-5F33-4B6C-BCCF-78865D98A0A0}"
EndProject
Project("{FAE04EC0-301F-11D3-BF4B-00C04F79EFBC}") = "运算符", "算数运算符\运算符.csproj", "{E54BF69B-3F98-429E-BB94-F6EE0E29A743}"
EndProject
Global
	GlobalSection(SolutionConfigurationPlatforms) = preSolution
		Debug|Any CPU = Debug|Any CPU
		Release|Any CPU = Release|Any CPU
	EndGlobalSection
	GlobalSection(ProjectConfigurationPlatforms) = postSolution
		{2CF2FA86-E5DE-4CF4-899E-3F139796A5E7}.Debug|Any CPU.ActiveCfg = Debug|Any CPU
		{2CF2FA86-E5DE-4CF4-899E-3F139796A5E7}.Debug|Any CPU.Build.0 = Debug|Any CPU
		{2CF2FA86-E5DE-4CF4-899E-3F139796A5E7}.Release|Any CPU.ActiveCfg = Release|Any CPU
		{2CF2FA86-E5DE-4CF4-899E-3F139796A5E7}.Release|Any CPU.Build.0 = Release|Any CPU
		{8CE35C53-7D96-489B-AF1C-ADB617F90C73}.Debug|Any CPU.ActiveCfg = Debug|Any CPU
		{8CE35C53-7D96-489B-AF1C-ADB617F90C73}.Debug|Any CPU.Build.0 = Debug|Any CPU
		{8CE35C53-7D96-489B-AF1C-ADB617F90C73}.Release|Any CPU.ActiveCfg = Release|Any CPU
		{8CE35C53-7D96-489B-AF1C-ADB617F90C73}.Release|Any CPU.Build.0 = Release|Any CPU
		{E6350744-72EB-4412-8B36-AEA2AFB471E0}.Debug|Any CPU.ActiveCfg = Debug|Any CPU
		{E6350744-72EB-4412-8B36-AEA2AFB471E0}.Debug|Any CPU.Build.0 = Debug|Any CPU
		{E6350744-72EB-4412-8B36-AEA2AFB471E0}.Release|Any CPU.ActiveCfg = Release|Any CPU
		{E6350744-72EB-4412-8B36-AEA2AFB471E0}.Release|Any CPU.Build.0 = Release|Any CPU
		{24FFA5BC-7776-4DBA-B5F1-71DF6E39D9B4}.Debug|Any CPU.ActiveCfg = Debug|Any CPU
		{24FFA5BC-7776-4DBA-B5F1-71DF6E39D9B4}.Debug|Any CPU.Build.0 = Debug|Any CPU
		{24FFA5BC-7776-4DBA-B5F1-71DF6E39D9B4}.Release|Any CPU.ActiveCfg = Release|Any CPU
		{24FFA5BC-7776-4DBA-B5F1-71DF6E39D9B4}.Release|Any CPU.Build.0 = Release|Any CPU
		{D687C91C-7B22-4560-936D-092E5C9BF205}.Debug|Any CPU.ActiveCfg = Debug|Any CPU
		{D687C91C-7B22-4560-936D-092E5C9BF205}.Debug|Any CPU.Build.0 = Debug|Any CPU
		{D687C91C-7B22-4560-936D-092E5C9BF205}.Release|Any CPU.ActiveCfg = Release|Any CPU
		{D687C91C-7B22-4560-936D-092E5C9BF205}.Release|Any CPU.Build.0 = Release|Any CPU
		{1D5587DA-11C1-49D9-82FD-141D359702FE}.Debug|Any CPU.ActiveCfg = Debug|Any CPU
		{1D5587DA-11C1-49D9-82FD-141D359702FE}.Debug|Any CPU.Build.0 = Debug|Any CPU
		{1D5587DA-11C1-49D9-82FD-141D359702FE}.Release|Any CPU.ActiveCfg = Release|Any CPU
		{1D5587DA-11C1-49D9-82FD-141D359702FE}.Release|Any CPU.Build.0 = Release|Any CPU
		{7205F471-FA7A-4AA0-B7F9-0449A2A4584F}.Debug|Any CPU.ActiveCfg = Debug|Any CPU
		{7205F471-FA7A-4AA0-B7F9-0449A2A4584F}.Debug|Any CPU.Build.0 = Debug|Any CPU
		{7205F471-FA7A-4AA0-B7F9-0449A2A4584F}.Release|Any CPU.ActiveCfg = Release|Any CPU
		{7205F471-FA7A-4AA0-B7F9-0449A2A4584F}.Release|Any CPU.Build.0 = Release|Any CPU
		{3D163B7D-0B17-4EEB-971A-A354987FBF1C}.Debug|Any CPU.ActiveCfg = Debug|Any CPU
		{3D163B7D-0B17-4EEB-971A-A354987FBF1C}.Debug|Any CPU.Build.0 = Debug|Any CPU
		{3D163B7D-0B17-4EEB-971A-A354987FBF1C}.Release|Any CPU.ActiveCfg = Release|Any CPU
		{3D163B7D-0B17-4EEB-971A-A354987FBF1C}.Release|Any CPU.Build.0 = Release|Any CPU
		{0B798400-C528-4E57-B8F3-E5379A65F3A2}.Debug|Any CPU.ActiveCfg = Debug|Any CPU
		{0B798400-C528-4E57-B8F3-E5379A65F3A2}.Debug|Any CPU.Build.0 = Debug|Any CPU
		{0B798400-C528-4E57-B8F3-E5379A65F3A2}.Release|Any CPU.ActiveCfg = Release|Any CPU
		{0B798400-C528-4E57-B8F3-E5379A65F3A2}.Release|Any CPU.Build.0 = Release|Any CPU
		{C2D303DA-5F33-4B6C-BCCF-78865D98A0A0}.Debug|Any CPU.ActiveCfg = Debug|Any CPU
		{C2D303DA-5F33-4B6C-BCCF-78865D98A0A0}.Debug|Any CPU.Build.0 = Debug|Any CPU
		{C2D303DA-5F33-4B6C-BCCF-78865D98A0A0}.Release|Any CPU.ActiveCfg = Release|Any CPU
		{C2D303DA-5F33-4B6C-BCCF-78865D98A0A0}.Release|Any CPU.Build.0 = Release|Any CPU
		{E54BF69B-3F98-429E-BB94-F6EE0E29A743}.Debug|Any CPU.ActiveCfg = Debug|Any CPU
		{E54BF69B-3F98-429E-BB94-F6EE0E29A743}.Debug|Any CPU.Build.0 = Debug|Any CPU
		{E54BF69B-3F98-429E-BB94-F6EE0E29A743}.Release|Any CPU.ActiveCfg = Release|Any CPU
		{E54BF69B-3F98-429E-BB94-F6EE0E29A743}.Release|Any CPU.Build.0 = Release|Any CPU
	EndGlobalSection
	GlobalSection(SolutionProperties) = preSolution
		HideSolutionNode = FALSE
	EndGlobalSection
	GlobalSection(ExtensibilityGlobals) = postSolution
		SolutionGuid = {6DE705A6-8D7C-4B23-88BA-70DD8B7DE74B}
	EndGlobalSection
EndGlobal
