
Microsoft Visual Studio Solution File, Format Version 12.00
# Visual Studio Version 17
VisualStudioVersion = 17.7.34031.279
MinimumVisualStudioVersion = 10.0.40219.1
Project("{FAE04EC0-301F-11D3-BF4B-00C04F79EFBC}") = "ArrayList类", "C#进阶\ArrayList类.csproj", "{B6107FB9-55B9-4E61-B350-30DD570E0085}"
EndProject
Project("{FAE04EC0-301F-11D3-BF4B-00C04F79EFBC}") = "ArrayList练习", "练习\ArrayList练习.csproj", "{F088952B-FD0F-40CB-8CDC-18D332043F18}"
EndProject
Project("{FAE04EC0-301F-11D3-BF4B-00C04F79EFBC}") = "Stack类", "Stack\Stack类.csproj", "{8691E21B-8566-4475-B78E-AF5DA624C355}"
EndProject
Project("{FAE04EC0-301F-11D3-BF4B-00C04F79EFBC}") = "Stack练习", "Stack练习\Stack练习.csproj", "{EF949104-9556-45E5-8382-EC92BA2CDFE0}"
EndProject
Project("{FAE04EC0-301F-11D3-BF4B-00C04F79EFBC}") = "Queue学习", "Queue学习\Queue学习.csproj", "{F9A73730-E1B8-4511-8C86-41C9D27B2EB4}"
EndProject
Project("{FAE04EC0-301F-11D3-BF4B-00C04F79EFBC}") = "Queue练习", "Queue练习\Queue练习.csproj", "{4CBF27FF-5E06-4336-9EC5-44026321DF4C}"
EndProject
Project("{FAE04EC0-301F-11D3-BF4B-00C04F79EFBC}") = "Hashtable学习", "Hashtable学习\Hashtable学习.csproj", "{43994A22-3EB4-4626-AF3B-76AED9789F14}"
EndProject
Project("{FAE04EC0-301F-11D3-BF4B-00C04F79EFBC}") = "泛型", "泛型\泛型.csproj", "{8ECEF2E9-0177-4913-B42E-C2F486256160}"
EndProject
Project("{FAE04EC0-301F-11D3-BF4B-00C04F79EFBC}") = "泛型练习", "泛型练习\泛型练习.csproj", "{C554900A-576A-4CE5-8833-00008D32C336}"
EndProject
Project("{FAE04EC0-301F-11D3-BF4B-00C04F79EFBC}") = "泛型约束", "泛型约束\泛型约束.csproj", "{4E41B621-FAC5-4017-B273-2A246B9B0018}"
EndProject
Project("{FAE04EC0-301F-11D3-BF4B-00C04F79EFBC}") = "泛型约束练习", "泛型约束练习\泛型约束练习.csproj", "{14BBBDD1-E973-4120-ABE5-87480614E0B7}"
EndProject
Project("{FAE04EC0-301F-11D3-BF4B-00C04F79EFBC}") = "泛型数据结构类", "泛型数据结构类\泛型数据结构类.csproj", "{957982CC-B370-4301-9E99-CEC372638F3E}"
EndProject
Project("{FAE04EC0-301F-11D3-BF4B-00C04F79EFBC}") = "Dictionary本质", "Dictionary本质\Dictionary本质.csproj", "{0A645721-F29F-4468-865B-1BB4DB758159}"
EndProject
Project("{FAE04EC0-301F-11D3-BF4B-00C04F79EFBC}") = "顺序存储和链式存储", "顺序存储和链式存储\顺序存储和链式存储.csproj", "{FFAB7616-7863-4D74-8843-73C7483185A1}"
EndProject
Project("{FAE04EC0-301F-11D3-BF4B-00C04F79EFBC}") = "List类", "List类\List类.csproj", "{E67262BC-9632-428E-97E9-66E8EA29C27D}"
EndProject
Project("{FAE04EC0-301F-11D3-BF4B-00C04F79EFBC}") = "LinkedList学习", "LinkedList学习\LinkedList学习.csproj", "{1560A5FD-6F2D-4458-8171-3123C61E4CA1}"
EndProject
Project("{FAE04EC0-301F-11D3-BF4B-00C04F79EFBC}") = "泛型栈和队列", "泛型栈和队列\泛型栈和队列.csproj", "{294D883D-9A3C-4B4E-ACD9-FBEC8F9F2C00}"
EndProject
Project("{FAE04EC0-301F-11D3-BF4B-00C04F79EFBC}") = "委托", "委托\委托.csproj", "{4C5FEEBE-042D-475C-8B76-7D3D2DD64180}"
EndProject
Project("{FAE04EC0-301F-11D3-BF4B-00C04F79EFBC}") = "委托练习", "委托练习\委托练习.csproj", "{45341B92-DE8D-4FD8-B7B6-F4DBC3EB3B30}"
EndProject
Project("{FAE04EC0-301F-11D3-BF4B-00C04F79EFBC}") = "事件", "事件\事件.csproj", "{5801C200-FDEC-4127-83F0-E5BFBB38FC39}"
EndProject
Project("{FAE04EC0-301F-11D3-BF4B-00C04F79EFBC}") = "匿名函数", "匿名函数\匿名函数.csproj", "{F74EFA04-FAA5-42C6-8A93-D856F5315547}"
EndProject
Project("{FAE04EC0-301F-11D3-BF4B-00C04F79EFBC}") = "lambad表达式", "lambad表达式\lambad表达式.csproj", "{DDB749DB-201B-4EDF-81A4-BC613E3DDEB4}"
EndProject
Project("{FAE04EC0-301F-11D3-BF4B-00C04F79EFBC}") = "List排序", "List排序\List排序.csproj", "{5C6E3CF5-C8A2-495D-8B62-8C0D27991831}"
EndProject
Project("{FAE04EC0-301F-11D3-BF4B-00C04F79EFBC}") = "协变逆变", "协变逆变\协变逆变.csproj", "{6827B635-FD95-4B2E-8118-4E3C5EC29651}"
EndProject
Project("{FAE04EC0-301F-11D3-BF4B-00C04F79EFBC}") = "多线程", "多线程\多线程.csproj", "{839A4EEB-03E9-4030-A265-5776412E61D9}"
EndProject
Project("{FAE04EC0-301F-11D3-BF4B-00C04F79EFBC}") = "预处理器程序", "预处理器程序\预处理器程序.csproj", "{9D315FF1-33A1-49C0-94C4-FA54D22C8E66}"
EndProject
Project("{FAE04EC0-301F-11D3-BF4B-00C04F79EFBC}") = "反射", "反射\反射.csproj", "{D8EA7747-CD07-4436-A87C-C7CE9A05EC72}"
EndProject
Project("{FAE04EC0-301F-11D3-BF4B-00C04F79EFBC}") = "特性", "特性\特性.csproj", "{A7B3089E-7696-45C0-BF16-4A3FFE2F5D96}"
EndProject
Project("{FAE04EC0-301F-11D3-BF4B-00C04F79EFBC}") = "迭代器", "迭代器\迭代器.csproj", "{5F71EC56-91CB-46DA-918F-441CA34F1FAB}"
EndProject
Project("{FAE04EC0-301F-11D3-BF4B-00C04F79EFBC}") = "特殊语法", "特殊语法\特殊语法.csproj", "{8FEF9F78-84E1-4776-B2DB-81A5BB4CD43E}"
EndProject
Project("{FAE04EC0-301F-11D3-BF4B-00C04F79EFBC}") = "值类型和引用类型", "值类型和引用类型\值类型和引用类型.csproj", "{DFC33EA6-760A-40DF-8605-7E3E0B01DCF6}"
EndProject
Global
	GlobalSection(SolutionConfigurationPlatforms) = preSolution
		Debug|Any CPU = Debug|Any CPU
		Release|Any CPU = Release|Any CPU
	EndGlobalSection
	GlobalSection(ProjectConfigurationPlatforms) = postSolution
		{B6107FB9-55B9-4E61-B350-30DD570E0085}.Debug|Any CPU.ActiveCfg = Debug|Any CPU
		{B6107FB9-55B9-4E61-B350-30DD570E0085}.Debug|Any CPU.Build.0 = Debug|Any CPU
		{B6107FB9-55B9-4E61-B350-30DD570E0085}.Release|Any CPU.ActiveCfg = Release|Any CPU
		{B6107FB9-55B9-4E61-B350-30DD570E0085}.Release|Any CPU.Build.0 = Release|Any CPU
		{F088952B-FD0F-40CB-8CDC-18D332043F18}.Debug|Any CPU.ActiveCfg = Debug|Any CPU
		{F088952B-FD0F-40CB-8CDC-18D332043F18}.Debug|Any CPU.Build.0 = Debug|Any CPU
		{F088952B-FD0F-40CB-8CDC-18D332043F18}.Release|Any CPU.ActiveCfg = Release|Any CPU
		{F088952B-FD0F-40CB-8CDC-18D332043F18}.Release|Any CPU.Build.0 = Release|Any CPU
		{8691E21B-8566-4475-B78E-AF5DA624C355}.Debug|Any CPU.ActiveCfg = Debug|Any CPU
		{8691E21B-8566-4475-B78E-AF5DA624C355}.Debug|Any CPU.Build.0 = Debug|Any CPU
		{8691E21B-8566-4475-B78E-AF5DA624C355}.Release|Any CPU.ActiveCfg = Release|Any CPU
		{8691E21B-8566-4475-B78E-AF5DA624C355}.Release|Any CPU.Build.0 = Release|Any CPU
		{EF949104-9556-45E5-8382-EC92BA2CDFE0}.Debug|Any CPU.ActiveCfg = Debug|Any CPU
		{EF949104-9556-45E5-8382-EC92BA2CDFE0}.Debug|Any CPU.Build.0 = Debug|Any CPU
		{EF949104-9556-45E5-8382-EC92BA2CDFE0}.Release|Any CPU.ActiveCfg = Release|Any CPU
		{EF949104-9556-45E5-8382-EC92BA2CDFE0}.Release|Any CPU.Build.0 = Release|Any CPU
		{F9A73730-E1B8-4511-8C86-41C9D27B2EB4}.Debug|Any CPU.ActiveCfg = Debug|Any CPU
		{F9A73730-E1B8-4511-8C86-41C9D27B2EB4}.Debug|Any CPU.Build.0 = Debug|Any CPU
		{F9A73730-E1B8-4511-8C86-41C9D27B2EB4}.Release|Any CPU.ActiveCfg = Release|Any CPU
		{F9A73730-E1B8-4511-8C86-41C9D27B2EB4}.Release|Any CPU.Build.0 = Release|Any CPU
		{4CBF27FF-5E06-4336-9EC5-44026321DF4C}.Debug|Any CPU.ActiveCfg = Debug|Any CPU
		{4CBF27FF-5E06-4336-9EC5-44026321DF4C}.Debug|Any CPU.Build.0 = Debug|Any CPU
		{4CBF27FF-5E06-4336-9EC5-44026321DF4C}.Release|Any CPU.ActiveCfg = Release|Any CPU
		{4CBF27FF-5E06-4336-9EC5-44026321DF4C}.Release|Any CPU.Build.0 = Release|Any CPU
		{43994A22-3EB4-4626-AF3B-76AED9789F14}.Debug|Any CPU.ActiveCfg = Debug|Any CPU
		{43994A22-3EB4-4626-AF3B-76AED9789F14}.Debug|Any CPU.Build.0 = Debug|Any CPU
		{43994A22-3EB4-4626-AF3B-76AED9789F14}.Release|Any CPU.ActiveCfg = Release|Any CPU
		{43994A22-3EB4-4626-AF3B-76AED9789F14}.Release|Any CPU.Build.0 = Release|Any CPU
		{8ECEF2E9-0177-4913-B42E-C2F486256160}.Debug|Any CPU.ActiveCfg = Debug|Any CPU
		{8ECEF2E9-0177-4913-B42E-C2F486256160}.Debug|Any CPU.Build.0 = Debug|Any CPU
		{8ECEF2E9-0177-4913-B42E-C2F486256160}.Release|Any CPU.ActiveCfg = Release|Any CPU
		{8ECEF2E9-0177-4913-B42E-C2F486256160}.Release|Any CPU.Build.0 = Release|Any CPU
		{C554900A-576A-4CE5-8833-00008D32C336}.Debug|Any CPU.ActiveCfg = Debug|Any CPU
		{C554900A-576A-4CE5-8833-00008D32C336}.Debug|Any CPU.Build.0 = Debug|Any CPU
		{C554900A-576A-4CE5-8833-00008D32C336}.Release|Any CPU.ActiveCfg = Release|Any CPU
		{C554900A-576A-4CE5-8833-00008D32C336}.Release|Any CPU.Build.0 = Release|Any CPU
		{4E41B621-FAC5-4017-B273-2A246B9B0018}.Debug|Any CPU.ActiveCfg = Debug|Any CPU
		{4E41B621-FAC5-4017-B273-2A246B9B0018}.Debug|Any CPU.Build.0 = Debug|Any CPU
		{4E41B621-FAC5-4017-B273-2A246B9B0018}.Release|Any CPU.ActiveCfg = Release|Any CPU
		{4E41B621-FAC5-4017-B273-2A246B9B0018}.Release|Any CPU.Build.0 = Release|Any CPU
		{14BBBDD1-E973-4120-ABE5-87480614E0B7}.Debug|Any CPU.ActiveCfg = Debug|Any CPU
		{14BBBDD1-E973-4120-ABE5-87480614E0B7}.Debug|Any CPU.Build.0 = Debug|Any CPU
		{14BBBDD1-E973-4120-ABE5-87480614E0B7}.Release|Any CPU.ActiveCfg = Release|Any CPU
		{14BBBDD1-E973-4120-ABE5-87480614E0B7}.Release|Any CPU.Build.0 = Release|Any CPU
		{957982CC-B370-4301-9E99-CEC372638F3E}.Debug|Any CPU.ActiveCfg = Debug|Any CPU
		{957982CC-B370-4301-9E99-CEC372638F3E}.Debug|Any CPU.Build.0 = Debug|Any CPU
		{957982CC-B370-4301-9E99-CEC372638F3E}.Release|Any CPU.ActiveCfg = Release|Any CPU
		{957982CC-B370-4301-9E99-CEC372638F3E}.Release|Any CPU.Build.0 = Release|Any CPU
		{0A645721-F29F-4468-865B-1BB4DB758159}.Debug|Any CPU.ActiveCfg = Debug|Any CPU
		{0A645721-F29F-4468-865B-1BB4DB758159}.Debug|Any CPU.Build.0 = Debug|Any CPU
		{0A645721-F29F-4468-865B-1BB4DB758159}.Release|Any CPU.ActiveCfg = Release|Any CPU
		{0A645721-F29F-4468-865B-1BB4DB758159}.Release|Any CPU.Build.0 = Release|Any CPU
		{FFAB7616-7863-4D74-8843-73C7483185A1}.Debug|Any CPU.ActiveCfg = Debug|Any CPU
		{FFAB7616-7863-4D74-8843-73C7483185A1}.Debug|Any CPU.Build.0 = Debug|Any CPU
		{FFAB7616-7863-4D74-8843-73C7483185A1}.Release|Any CPU.ActiveCfg = Release|Any CPU
		{FFAB7616-7863-4D74-8843-73C7483185A1}.Release|Any CPU.Build.0 = Release|Any CPU
		{E67262BC-9632-428E-97E9-66E8EA29C27D}.Debug|Any CPU.ActiveCfg = Debug|Any CPU
		{E67262BC-9632-428E-97E9-66E8EA29C27D}.Debug|Any CPU.Build.0 = Debug|Any CPU
		{E67262BC-9632-428E-97E9-66E8EA29C27D}.Release|Any CPU.ActiveCfg = Release|Any CPU
		{E67262BC-9632-428E-97E9-66E8EA29C27D}.Release|Any CPU.Build.0 = Release|Any CPU
		{1560A5FD-6F2D-4458-8171-3123C61E4CA1}.Debug|Any CPU.ActiveCfg = Debug|Any CPU
		{1560A5FD-6F2D-4458-8171-3123C61E4CA1}.Debug|Any CPU.Build.0 = Debug|Any CPU
		{1560A5FD-6F2D-4458-8171-3123C61E4CA1}.Release|Any CPU.ActiveCfg = Release|Any CPU
		{1560A5FD-6F2D-4458-8171-3123C61E4CA1}.Release|Any CPU.Build.0 = Release|Any CPU
		{294D883D-9A3C-4B4E-ACD9-FBEC8F9F2C00}.Debug|Any CPU.ActiveCfg = Debug|Any CPU
		{294D883D-9A3C-4B4E-ACD9-FBEC8F9F2C00}.Debug|Any CPU.Build.0 = Debug|Any CPU
		{294D883D-9A3C-4B4E-ACD9-FBEC8F9F2C00}.Release|Any CPU.ActiveCfg = Release|Any CPU
		{294D883D-9A3C-4B4E-ACD9-FBEC8F9F2C00}.Release|Any CPU.Build.0 = Release|Any CPU
		{4C5FEEBE-042D-475C-8B76-7D3D2DD64180}.Debug|Any CPU.ActiveCfg = Debug|Any CPU
		{4C5FEEBE-042D-475C-8B76-7D3D2DD64180}.Debug|Any CPU.Build.0 = Debug|Any CPU
		{4C5FEEBE-042D-475C-8B76-7D3D2DD64180}.Release|Any CPU.ActiveCfg = Release|Any CPU
		{4C5FEEBE-042D-475C-8B76-7D3D2DD64180}.Release|Any CPU.Build.0 = Release|Any CPU
		{45341B92-DE8D-4FD8-B7B6-F4DBC3EB3B30}.Debug|Any CPU.ActiveCfg = Debug|Any CPU
		{45341B92-DE8D-4FD8-B7B6-F4DBC3EB3B30}.Debug|Any CPU.Build.0 = Debug|Any CPU
		{45341B92-DE8D-4FD8-B7B6-F4DBC3EB3B30}.Release|Any CPU.ActiveCfg = Release|Any CPU
		{45341B92-DE8D-4FD8-B7B6-F4DBC3EB3B30}.Release|Any CPU.Build.0 = Release|Any CPU
		{5801C200-FDEC-4127-83F0-E5BFBB38FC39}.Debug|Any CPU.ActiveCfg = Debug|Any CPU
		{5801C200-FDEC-4127-83F0-E5BFBB38FC39}.Debug|Any CPU.Build.0 = Debug|Any CPU
		{5801C200-FDEC-4127-83F0-E5BFBB38FC39}.Release|Any CPU.ActiveCfg = Release|Any CPU
		{5801C200-FDEC-4127-83F0-E5BFBB38FC39}.Release|Any CPU.Build.0 = Release|Any CPU
		{F74EFA04-FAA5-42C6-8A93-D856F5315547}.Debug|Any CPU.ActiveCfg = Debug|Any CPU
		{F74EFA04-FAA5-42C6-8A93-D856F5315547}.Debug|Any CPU.Build.0 = Debug|Any CPU
		{F74EFA04-FAA5-42C6-8A93-D856F5315547}.Release|Any CPU.ActiveCfg = Release|Any CPU
		{F74EFA04-FAA5-42C6-8A93-D856F5315547}.Release|Any CPU.Build.0 = Release|Any CPU
		{DDB749DB-201B-4EDF-81A4-BC613E3DDEB4}.Debug|Any CPU.ActiveCfg = Debug|Any CPU
		{DDB749DB-201B-4EDF-81A4-BC613E3DDEB4}.Debug|Any CPU.Build.0 = Debug|Any CPU
		{DDB749DB-201B-4EDF-81A4-BC613E3DDEB4}.Release|Any CPU.ActiveCfg = Release|Any CPU
		{DDB749DB-201B-4EDF-81A4-BC613E3DDEB4}.Release|Any CPU.Build.0 = Release|Any CPU
		{5C6E3CF5-C8A2-495D-8B62-8C0D27991831}.Debug|Any CPU.ActiveCfg = Debug|Any CPU
		{5C6E3CF5-C8A2-495D-8B62-8C0D27991831}.Debug|Any CPU.Build.0 = Debug|Any CPU
		{5C6E3CF5-C8A2-495D-8B62-8C0D27991831}.Release|Any CPU.ActiveCfg = Release|Any CPU
		{5C6E3CF5-C8A2-495D-8B62-8C0D27991831}.Release|Any CPU.Build.0 = Release|Any CPU
		{6827B635-FD95-4B2E-8118-4E3C5EC29651}.Debug|Any CPU.ActiveCfg = Debug|Any CPU
		{6827B635-FD95-4B2E-8118-4E3C5EC29651}.Debug|Any CPU.Build.0 = Debug|Any CPU
		{6827B635-FD95-4B2E-8118-4E3C5EC29651}.Release|Any CPU.ActiveCfg = Release|Any CPU
		{6827B635-FD95-4B2E-8118-4E3C5EC29651}.Release|Any CPU.Build.0 = Release|Any CPU
		{839A4EEB-03E9-4030-A265-5776412E61D9}.Debug|Any CPU.ActiveCfg = Debug|Any CPU
		{839A4EEB-03E9-4030-A265-5776412E61D9}.Debug|Any CPU.Build.0 = Debug|Any CPU
		{839A4EEB-03E9-4030-A265-5776412E61D9}.Release|Any CPU.ActiveCfg = Release|Any CPU
		{839A4EEB-03E9-4030-A265-5776412E61D9}.Release|Any CPU.Build.0 = Release|Any CPU
		{9D315FF1-33A1-49C0-94C4-FA54D22C8E66}.Debug|Any CPU.ActiveCfg = Debug|Any CPU
		{9D315FF1-33A1-49C0-94C4-FA54D22C8E66}.Debug|Any CPU.Build.0 = Debug|Any CPU
		{9D315FF1-33A1-49C0-94C4-FA54D22C8E66}.Release|Any CPU.ActiveCfg = Release|Any CPU
		{9D315FF1-33A1-49C0-94C4-FA54D22C8E66}.Release|Any CPU.Build.0 = Release|Any CPU
		{D8EA7747-CD07-4436-A87C-C7CE9A05EC72}.Debug|Any CPU.ActiveCfg = Debug|Any CPU
		{D8EA7747-CD07-4436-A87C-C7CE9A05EC72}.Debug|Any CPU.Build.0 = Debug|Any CPU
		{D8EA7747-CD07-4436-A87C-C7CE9A05EC72}.Release|Any CPU.ActiveCfg = Release|Any CPU
		{D8EA7747-CD07-4436-A87C-C7CE9A05EC72}.Release|Any CPU.Build.0 = Release|Any CPU
		{A7B3089E-7696-45C0-BF16-4A3FFE2F5D96}.Debug|Any CPU.ActiveCfg = Debug|Any CPU
		{A7B3089E-7696-45C0-BF16-4A3FFE2F5D96}.Debug|Any CPU.Build.0 = Debug|Any CPU
		{A7B3089E-7696-45C0-BF16-4A3FFE2F5D96}.Release|Any CPU.ActiveCfg = Release|Any CPU
		{A7B3089E-7696-45C0-BF16-4A3FFE2F5D96}.Release|Any CPU.Build.0 = Release|Any CPU
		{5F71EC56-91CB-46DA-918F-441CA34F1FAB}.Debug|Any CPU.ActiveCfg = Debug|Any CPU
		{5F71EC56-91CB-46DA-918F-441CA34F1FAB}.Debug|Any CPU.Build.0 = Debug|Any CPU
		{5F71EC56-91CB-46DA-918F-441CA34F1FAB}.Release|Any CPU.ActiveCfg = Release|Any CPU
		{5F71EC56-91CB-46DA-918F-441CA34F1FAB}.Release|Any CPU.Build.0 = Release|Any CPU
		{8FEF9F78-84E1-4776-B2DB-81A5BB4CD43E}.Debug|Any CPU.ActiveCfg = Debug|Any CPU
		{8FEF9F78-84E1-4776-B2DB-81A5BB4CD43E}.Debug|Any CPU.Build.0 = Debug|Any CPU
		{8FEF9F78-84E1-4776-B2DB-81A5BB4CD43E}.Release|Any CPU.ActiveCfg = Release|Any CPU
		{8FEF9F78-84E1-4776-B2DB-81A5BB4CD43E}.Release|Any CPU.Build.0 = Release|Any CPU
		{DFC33EA6-760A-40DF-8605-7E3E0B01DCF6}.Debug|Any CPU.ActiveCfg = Debug|Any CPU
		{DFC33EA6-760A-40DF-8605-7E3E0B01DCF6}.Debug|Any CPU.Build.0 = Debug|Any CPU
		{DFC33EA6-760A-40DF-8605-7E3E0B01DCF6}.Release|Any CPU.ActiveCfg = Release|Any CPU
		{DFC33EA6-760A-40DF-8605-7E3E0B01DCF6}.Release|Any CPU.Build.0 = Release|Any CPU
	EndGlobalSection
	GlobalSection(SolutionProperties) = preSolution
		HideSolutionNode = FALSE
	EndGlobalSection
	GlobalSection(ExtensibilityGlobals) = postSolution
		SolutionGuid = {395AA683-CA02-4130-9ECA-5CF7288BEB26}
	EndGlobalSection
EndGlobal
