
Microsoft Visual Studio Solution File, Format Version 12.00
# Visual Studio Version 17
VisualStudioVersion = 17.7.34031.279
MinimumVisualStudioVersion = 10.0.40219.1
Project("{FAE04EC0-301F-11D3-BF4B-00C04F79EFBC}") = "shejizhemoshi", "shejizhemoshi\shejizhemoshi.csproj", "{EEB66A08-704E-41DE-8B3C-0B17B0338742}"
EndProject
Global
	GlobalSection(SolutionConfigurationPlatforms) = preSolution
		Debug|Any CPU = Debug|Any CPU
		Release|Any CPU = Release|Any CPU
	EndGlobalSection
	GlobalSection(ProjectConfigurationPlatforms) = postSolution
		{EEB66A08-704E-41DE-8B3C-0B17B0338742}.Debug|Any CPU.ActiveCfg = Debug|Any CPU
		{EEB66A08-704E-41DE-8B3C-0B17B0338742}.Debug|Any CPU.Build.0 = Debug|Any CPU
		{EEB66A08-704E-41DE-8B3C-0B17B0338742}.Release|Any CPU.ActiveCfg = Release|Any CPU
		{EEB66A08-704E-41DE-8B3C-0B17B0338742}.Release|Any CPU.Build.0 = Release|Any CPU
	EndGlobalSection
	GlobalSection(SolutionProperties) = preSolution
		HideSolutionNode = FALSE
	EndGlobalSection
	GlobalSection(ExtensibilityGlobals) = postSolution
		SolutionGuid = {498A399B-FD79-4C8B-8D7B-715BA2FAA1EC}
	EndGlobalSection
EndGlobal
